
Microsoft Visual Studio Solution File, Format Version 12.00
# Visual Studio Version 17
VisualStudioVersion = 17.10.35027.167
MinimumVisualStudioVersion = 10.0.40219.1
Project("{FAE04EC0-301F-11D3-BF4B-00C04F79EFBC}") = "BlackJack_Project", "BlackJack_Project.csproj", "{F21D09D0-769B-4B7B-B62E-AA8CB62C6274}"
EndProject
Global
	GlobalSection(SolutionConfigurationPlatforms) = preSolution
		Debug|Any CPU = Debug|Any CPU
		Release|Any CPU = Release|Any CPU
	EndGlobalSection
	GlobalSection(ProjectConfigurationPlatforms) = postSolution
		{F21D09D0-769B-4B7B-B62E-AA8CB62C6274}.Debug|Any CPU.ActiveCfg = Debug|Any CPU
		{F21D09D0-769B-4B7B-B62E-AA8CB62C6274}.Debug|Any CPU.Build.0 = Debug|Any CPU
		{F21D09D0-769B-4B7B-B62E-AA8CB62C6274}.Release|Any CPU.ActiveCfg = Release|Any CPU
		{F21D09D0-769B-4B7B-B62E-AA8CB62C6274}.Release|Any CPU.Build.0 = Release|Any CPU
	EndGlobalSection
	GlobalSection(SolutionProperties) = preSolution
		HideSolutionNode = FALSE
	EndGlobalSection
	GlobalSection(ExtensibilityGlobals) = postSolution
		SolutionGuid = {D1EA6881-FFF2-4389-ABD5-36AA5655D76F}
	EndGlobalSection
EndGlobal
